
Microsoft Visual Studio Solution File, Format Version 12.00
# Visual Studio 15
VisualStudioVersion = 15.0.28010.2016
MinimumVisualStudioVersion = 10.0.40219.1
Project("{FAE04EC0-301F-11D3-BF4B-00C04F79EFBC}") = "QuickSort", "QuickSort\QuickSort.csproj", "{D609F496-F20F-43DC-B2A8-F94CC82E8125}"
EndProject
Global
	GlobalSection(SolutionConfigurationPlatforms) = preSolution
		Debug|Any CPU = Debug|Any CPU
		Release|Any CPU = Release|Any CPU
	EndGlobalSection
	GlobalSection(ProjectConfigurationPlatforms) = postSolution
		{D609F496-F20F-43DC-B2A8-F94CC82E8125}.Debug|Any CPU.ActiveCfg = Debug|Any CPU
		{D609F496-F20F-43DC-B2A8-F94CC82E8125}.Debug|Any CPU.Build.0 = Debug|Any CPU
		{D609F496-F20F-43DC-B2A8-F94CC82E8125}.Release|Any CPU.ActiveCfg = Release|Any CPU
		{D609F496-F20F-43DC-B2A8-F94CC82E8125}.Release|Any CPU.Build.0 = Release|Any CPU
	EndGlobalSection
	GlobalSection(SolutionProperties) = preSolution
		HideSolutionNode = FALSE
	EndGlobalSection
	GlobalSection(ExtensibilityGlobals) = postSolution
		SolutionGuid = {FEBD567D-2B05-435B-8784-AC4CD9BAC63B}
	EndGlobalSection
EndGlobal
